github.com/AlekSi/pointer v1.0.0 h1:KWCWzsvFxNLcmM5XmiqHsGTTsuwZMsLFwWF9Y+//bNE=
github.com/AlekSi/pointer v1.0.0/go.mod h1:1kjywbfcPFCmncIxtk6fIEub6LKrfMz3gc5QKVOSOA8=
github.com/AlekSi/pointer v1.2.0 h1:glcy/gc4h8HnG2Z3ZECSzZ1IX1x2JxRVuDzaJwQE0+w=
github.com/AlekSi/pointer v1.2.0/go.mod h1:gZGfd3dpW4vEc/UlyfKKi1roIqcCgwOIvb0tSNSBle0=
github.com/alexsergivan/transliterator v1.0.0 h1:SAA+fkGZKLnak47h8Dr6829IE2kpSZR2Y3yTd69cIwY=
github.com/alexsergivan/transliterator v1.0.0/go.mod h1:0IrumukulURJ4PD0z6UcdJKP2job1DYDhnHAP5y+5pE=
github.com/bots-go-framework/bots-api-telegram v0.4.2 h1:q7lay0h2vzebGcTqi6Z3/qDQnUIa+ejFx9gBnHxpIRw=
github.com/bots-go-framework/bots-api-telegram v0.4.2/go.mod h1:P8MopSqY7hQvEPZxgkRz2Tg1s3T2HefLwhkW8ObzNtA=
github.com/bots-go-framework/bots-api-telegram v0.4.3 h1:bMG/5mLYAhJvJBnPOYR7H/MYG1USYRX8v1F9ODT4/CQ=
github.com/bots-go-framework/bots-api-telegram v0.4.3/go.mod h1:z3r0iWCL1eOieLU2nSFpUBJFyx41bkA++WujR64VuIk=
github.com/bots-go-framework/bots-fw v0.25.0 h1:xV66vbbnTHLUthfQQJnbNtwMUvQM76A7p15bog6yqIM=
github.com/bots-go-framework/bots-fw v0.25.0/go.mod h1:YkLM40RM50ouGjG4q9MCyIUY7X6fENMeVN4b3YG2KyE=
github.com/bots-go-framework/bots-fw v0.25.2 h1:OBE68k5tHYWCUNyE9vVo4aYYIe5DZxziZ9sQ9q+F3RM=
github.com/bots-go-framework/bots-fw v0.25.2/go.mod h1:jGOV8Ifn0khQIAS41tYp5dnUIU2xWL7isSxgWYSh6DI=
github.com/bots-go-framework/bots-fw-store v0.1.2 h1:ROWvP/IuB27urjl/6tHThEGEBmVZ5Kh5FyPDpWslD3k=
github.com/bots-go-framework/bots-fw-store v0.1.2/go.mod h1:T2yX1QodQ9A1nep/aIAL/czt9adqMyIBVTGOAdNVPAI=
github.com/bots-go-framework/bots-fw-store v0.4.0 h1:5gQNsMNJ2rni3uGvXt7TeG+V7LFJ6lNIDkAC9g9J/us=
github.com/bots-go-framework/bots-fw-store v0.4.0/go.mod h1:T2yX1QodQ9A1nep/aIAL/czt9adqMyIBVTGOAdNVPAI=
github.com/bots-go-framework/bots-fw-telegram v0.8.2 h1:1KugY+sN5Yp6zSiODTG/hsQE/6pgDNYlt2QmEiCRSwk=
github.com/bots-go-framework/bots-fw-telegram v0.8.2/go.mod h1:LgHyror2N5sdqoISyGJWBkmsgF8Dgv0VhpygDMMM0gg=
github.com/bots-go-framework/bots-fw-telegram v0.8.3 h1:NnuaSNsJm5UoIsJ5LvyqNlnKqC/gh5pi9KHYDi0o7Fs=
github.com/bots-go-framework/bots-fw-telegram v0.8.3/go.mod h1:zjS2iW+zNfXP95PTXLRTDitmO9YJGtiklHrEvTtNdq8=
github.com/bots-go-framework/bots-fw-telegram-models v0.1.2 h1:rGW/f2VnEBBVqJwrSXk4Y9hlHceZITX5fzRoRzDQa5w=
github.com/bots-go-framework/bots-fw-telegram-models v0.1.2/go.mod h1:dmr7CLY/LAYydAtySJPW6zwrfRM6jpqjOgenV4GiqgI=
github.com/bots-go-framework/bots-go-core v0.0.2 h1:3F/czNOLZCO5rco1Zr9rATLvJrze5PZpa2dMRv4ON+M=
github.com/bots-go-framework/bots-go-core v0.0.2/go.mod h1:u4r0W8t+n/07ulLlPZT3rdCt+mb5WHXP72z4oeTJVN0=
github.com/crediterra/money v0.2.1 h1:VWe0gMQy/o9iDW84mLQnjM1TqyLRJ14C81VvaTU7jVg=
github.com/crediterra/money v0.2.1/go.mod h1:0BT7dzPk4Wv+Wi8J6sxlFbCknYioLWVVQM4ciMJh6TI=
github.com/dal-go/dalgo v0.12.0 h1:giibzqo6mIkU06b0r4uKb3ZEa2agtj1qnL8RNa6sOBM=
github.com/dal-go/dalgo v0.12.0/go.mod h1:741DXTLpQfmvkazyEiivX8OBFylpzS1QErdh/6WquqI=
github.com/dal-go/dalgo v0.12.1 h1:3W95xOSC7CLgH3OQppNOWoIaMkon8GlQmgYxxO5qnvs=
github.com/dal-go/dalgo v0.12.1/go.mod h1:gzBMQn5sfUcHcx+7FNpO+FQz7guT/AAYgzXM4300rAY=
github.com/dal-go/mocks4dalgo v0.1.17 h1:tvVDg+HubKWKn23kk4gw58gWrDwcww5wwsM4HsrkRR4=
github.com/dal-go/mocks4dalgo v0.1.17/go.mod h1:Nf61t1XjeLzJ+lPw7oEU3iTBcdO+DNMIEGTOe4ZJdwY=
github.com/dal-go/mocks4dalgo v0.1.19 h1:ylcFHCSwJwwNpUKsiUB42BP0RKFGRu44VySQI0qgbRU=
github.com/dal-go/mocks4dalgo v0.1.19/go.mod h1:b6auVWLTgMZcmHtT3c1G4qpASZrlroEiTV8sr3UaGdA=
github.com/davecgh/go-spew v1.1.0/go.mod h1:J7Y8YcW2NihsgmVo/mv3lAwl/skON4iLHjSsI+c5H38=
github.com/davecgh/go-spew v1.1.1 h1:vj9j/u1bqnvCEfJOwUhtlOARqs3+rkHYY13jYWTU97c=
github.com/davecgh/go-spew v1.1.1/go.mod h1:J7Y8YcW2NihsgmVo/mv3lAwl/skON4iLHjSsI+c5H38=
github.com/golang/mock v1.6.0 h1:ErTB+efbowRARo13NNdxyJji2egdxLGQhRaY+DUumQc=
github.com/golang/mock v1.6.0/go.mod h1:p6yTPP+5HYm5mzsMV8JkE6ZKdX+/wYM6Hr+LicevLPs=
github.com/gosimple/slug v1.13.1 h1:bQ+kpX9Qa6tHRaK+fZR0A0M2Kd7Pa5eHPPsb1JpHD+Q=
github.com/gosimple/slug v1.13.1/go.mod h1:UiRaFH+GEilHstLUmcBgWcI42viBN7mAb818JrYOeFQ=
github.com/gosimple/slug v1.14.0 h1:RtTL/71mJNDfpUbCOmnf/XFkzKRtD6wL6Uy+3akm4Es=
github.com/gosimple/slug v1.14.0/go.mod h1:UiRaFH+GEilHstLUmcBgWcI42viBN7mAb818JrYOeFQ=
github.com/gosimple/unidecode v1.0.1 h1:hZzFTMMqSswvf0LBJZCZgThIZrpDHFXux9KeGmn6T/o=
github.com/gosimple/unidecode v1.0.1/go.mod h1:CP0Cr1Y1kogOtx0bJblKzsVWrqYaqfNOnHzpgWw4Awc=
github.com/julienschmidt/httprouter v1.3.0 h1:U0609e9tgbseu3rBINet9P48AI/D3oJs4dN7jwJOQ1U=
github.com/julienschmidt/httprouter v1.3.0/go.mod h1:JR6WtHb+2LUe8TCKY3cZOxFyyO8IZAc4RVcycCCAKdM=
github.com/olebedev/when v1.0.0 h1:T2DZCj8HxUhOVxcqaLOmzuTr+iZLtMHsZEim7mjIA2w=
github.com/olebedev/when v1.0.0/go.mod h1:T0THb4kP9D3NNqlvCwIG4GyUioTAzEhB4RNVzig/43E=
github.com/pkg/errors v0.8.1 h1:iURUrRGxPUNPdy5/HRSm+Yj6okJ6UtLINN0Q9M4+h3I=
github.com/pkg/errors v0.8.1/go.mod h1:bwawxfHBFNV+L2hUp1rHADufV3IMtnDRdf1r5NINEl0=
github.com/pkg/errors v0.9.1 h1:FEBLx1zS214owpjy7qsBeixbURkuhQAwrK5UwLGTwt4=
github.com/pkg/errors v0.9.1/go.mod h1:bwawxfHBFNV+L2hUp1rHADufV3IMtnDRdf1r5NINEl0=
github.com/pmezard/go-difflib v1.0.0 h1:4DBwDE0NGyQoBHbLQYPwSUPoCMWR5BEzIk/f1lZbAQM=
github.com/pmezard/go-difflib v1.0.0/go.mod h1:iKH77koFhYxTK1pcRnkKkqfTogsbg7gZNVY4sRDYZ/4=
github.com/pquerna/ffjson v0.0.0-20190930134022-aa0246cd15f7 h1:xoIK0ctDddBMnc74udxJYBqlo9Ylnsp1waqjLsnef20=
github.com/pquerna/ffjson v0.0.0-20190930134022-aa0246cd15f7/go.mod h1:YARuvh7BUWHNhzDq2OM5tzR2RiCcN2D7sapiKyCel/M=
github.com/sneat-co/sneat-go-core v0.18.0 h1:f+uZmboCUri2YVghYfhWXslmTlk7AQtymtRf2EOSVsY=
github.com/sneat-co/sneat-go-core v0.18.0/go.mod h1:3lI22kWFlTBZsuFJZX2yKMKmBUSRSUnwTcE+4QRgIjw=
github.com/sneat-co/sneat-go-core v0.20.2 h1:zq6lsH+cZEGgkOV3aJcKnr1q/bTKYkmjki0wqBn4IQ0=
github.com/sneat-co/sneat-go-core v0.20.2/go.mod h1:bUiUFlbP01z0vfnMTEtwMt3vYRoGA/07fvFEIyvSSYo=
github.com/sneat-co/sneat-go-core v0.21.0 h1:nDZaJsUJ7wvUpZM6WvTeAgfZp3N0sNvgcTihaXdn3DQ=
github.com/sneat-co/sneat-go-core v0.21.0/go.mod h1:ijsI9IiaYQtqZEyp46FX0Q5u8j/61182sYRjYdsI+rM=
github.com/sneat-co/sneat-go-core v0.23.0 h1:4/n3PGC8V6oRtoswwXqNwJUsBEY2cl1OIzeF0HnRvYI=
github.com/sneat-co/sneat-go-core v0.23.0/go.mod h1:ijsI9IiaYQtqZEyp46FX0Q5u8j/61182sYRjYdsI+rM=
github.com/sneat-co/sneat-go-core v0.23.2 h1:T4LvVc5Lv/YNtCp8rah4BB631Oysxx+bO8RJm6HjAKc=
github.com/sneat-co/sneat-go-core v0.23.2/go.mod h1:OvZm8NViiDNkF05wGLZKeNbyUIhc5ekQud5Vn3g5yyE=
github.com/sneat-co/sneat-go-modules v0.9.3 h1:xuHa5Z/YJRhLZKbZIurKyPpsRgjWNyoT9Cq4pQfqH4Y=
github.com/sneat-co/sneat-go-modules v0.9.3/go.mod h1:ZLxvCYlEjjY9CXwj+QMQZssBEo/WGTHuPAo88cytlsM=
github.com/sneat-co/sneat-go-modules v0.11.0 h1:SQBKlcuT5tWIGWoifuH885XrbvjzWA55YfWuyOaJ1vA=
github.com/sneat-co/sneat-go-modules v0.11.0/go.mod h1:HAJSlMABx+MZRn+pxKjMHaz48KqgaCIZmoIfB0CGyR8=
github.com/sneat-co/sneat-go-modules v0.12.0 h1:esmD77TkNA8LbUhTn31JKrU3horPTnswYcmjOMY93ws=
github.com/sneat-co/sneat-go-modules v0.12.0/go.mod h1:NQTvsZOtjVDWxLuelNwhsEY/Uq+OWBXCCMaiF/CJUwY=
github.com/sneat-co/sneat-go-modules v0.12.4 h1:eyyrLdBOuOkCsppB/NJPfvCwUk578kXB9J3x9n2qcn8=
github.com/sneat-co/sneat-go-modules v0.12.4/go.mod h1:W6G+2J65Dfsu31uboNesgCB7/Wv+8PXcqMXOSduCFdY=
github.com/stretchr/objx v0.1.0/go.mod h1:HFkY916IF+rwdDfMAkV7OtwuqBVzrE8GR6GFx+wExME=
github.com/stretchr/testify v1.5.1/go.mod h1:5W2xD1RspED5o8YsWQXVCued0rvSQ+mT+I5cxcmMvtA=
github.com/stretchr/testify v1.8.4 h1:CcVxjf3Q8PM0mHUKJCdn+eZZtm5yQwehR5yeSVQQcUk=
github.com/stretchr/testify v1.8.4/go.mod h1:sz/lmYIOXD/1dqDmKjjqLyZ2RngseejIcXlSw2iwfAo=
github.com/stretchr/testify v1.9.0 h1:HtqpIVDClZ4nwg75+f6Lvsy/wHu+3BoSGCbBAcpTsTg=
github.com/stretchr/testify v1.9.0/go.mod h1:r2ic/lqez/lEtzL7wO/rwa5dbSLXVDPFyf8C91i36aY=
github.com/strongo/decimal v0.0.1 h1:DQwMkKatXuoh9WhQvOTr3c2cIbprdbR8Yl0MA1mme6Y=
github.com/strongo/decimal v0.0.1/go.mod h1:uKFgetJbR2uT026stdbK54ELXTH9h0vZOPPOp7DAODk=
github.com/strongo/gamp v0.0.1 h1:b6vzHUzNvbPOhzPtIja1NqKf8GQqrJWjs2gninQPZac=
github.com/strongo/gamp v0.0.1/go.mod h1:ZcVVIzSQFygVehdtGh6KYmcp1eOacuEKb9th81WcUOw=
github.com/strongo/i18n v0.0.4 h1:48DQrrlqTlZBi7uFbyruOVsSfr+X24RmO59FaOXLWGQ=
github.com/strongo/i18n v0.0.4/go.mod h1:4jBQ4PJ3Uiri2Y+LHJ5/o1nB1H2ToddRW/yZXSOTUjE=
github.com/strongo/log v0.3.0 h1:89rh62SdO9TNTd8/pzhMSdGCmZwFDXHWm5ZtJvp0Wcg=
github.com/strongo/log v0.3.0/go.mod h1:C0OyprbH7WjyhcZXdveDiu5n0vxB8qZ1rQXxtUqx8y4=
github.com/strongo/random v0.0.1 h1:OZHJBb/3uEa7OX8L2Dv2pLnSeewRmXMyTACoeto6O8I=
github.com/strongo/random v0.0.1/go.mod h1:/pSI+SjBNLBkjljNtVdYr6ERddA+LqSa87o0/s+9iuU=
github.com/strongo/slice v0.1.4 h1:2v8NLcC5MnJ+xNGN6zMaazM9I/lIdbQ8imhiBNSPn7g=
github.com/strongo/slice v0.1.4/go.mod h1:BU7lwUgp3k4EXTc0zLW2SsPiWeGkDoF3ybu6nlVjFLY=
github.com/strongo/strongoapp v0.14.1 h1:LmILg2qnjm6SB89cHD6cxd1SgDkDYiQITD3OlRYByhY=
github.com/strongo/strongoapp v0.14.1/go.mod h1:T/QYm0Pv6MIvQ/yWVKX+rGRoIuSSIiZuhl4JlJnyH24=
github.com/strongo/strongoapp v0.15.0 h1:QXaTjXmraScjUCs8+sSfMFCxTZv+6Mh8J06Ily2B3rk=
github.com/strongo/strongoapp v0.15.0/go.mod h1:yMpsZiowjazIpPEKqieS9hbaaUyuyRPcFA948feBPPE=
github.com/strongo/strongoapp v0.17.0 h1:UIQFkNdNLiM636SQrJS7VefxxidWjX88DGpLMfW8FZg=
github.com/strongo/strongoapp v0.17.0/go.mod h1:yMpsZiowjazIpPEKqieS9hbaaUyuyRPcFA948feBPPE=
github.com/strongo/strongoapp v0.17.1 h1:JXA2hT/vAccirgb6FqDqsWGjIjyydRR79658+8Q/n1Q=
github.com/strongo/strongoapp v0.17.1/go.mod h1:jZNcBilTGETzYBUVOewWBIxvSUA+C/ctmIgDPPMol7Y=
github.com/strongo/validation v0.0.6 h1:RskXD45ILagVW3jmuKUiq7WshE4kmoQEiUbgfigqHzw=
github.com/strongo/validation v0.0.6/go.mod h1:V4Nu8b8CPsLNwYLKmMHN2ghkoabOpiOW8NNcUczuCWE=
github.com/technoweenie/multipartstreamer v1.0.1 h1:XRztA5MXiR1TIRHxH2uNxXxaIkKQDeX7m2XsSOlQEnM=
github.com/technoweenie/multipartstreamer v1.0.1/go.mod h1:jNVxdtShOxzAsukZwTSw6MDx5eUJoiEBsSvzDU9uzog=
github.com/yuin/goldmark v1.3.5/go.mod h1:mwnBkeHKe2W/ZEtQ+71ViKU8L12m81fl3OWwC1Zlc8k=
golang.org/x/crypto v0.0.0-20190308221718-c2843e01d9a2/go.mod h1:djNgcEr1/C05ACkg1iLfiJU5Ep61QUkGW8qpdssI0+w=
golang.org/x/crypto v0.0.0-20191011191535-87dc89f01550/go.mod h1:yigFU9vqHzYiE8UmvKecakEJjdnWj3jj499lnFckfCI=
golang.org/x/mod v0.4.2/go.mod h1:s0Qsj1ACt9ePp/hMypM3fl4fZqREWJwdYDEqhRiZZUA=
golang.org/x/net v0.0.0-20190404232315-eb5bcb51f2a3/go.mod h1:t9HGtf8HONx5eT2rtn7q6eTqICYqUVnKs3thJo3Qplg=
golang.org/x/net v0.0.0-20190620200207-3b0461eec859/go.mod h1:z5CRVTTTmAJ677TzLLGU+0bjPO0LkuOLi4/5GtJWs/s=
golang.org/x/net v0.0.0-20210405180319-a5a99cb37ef4/go.mod h1:p54w0d4576C0XHj96bSt6lcn1PtDYWL6XObtHCRCNQM=
golang.org/x/sync v0.0.0-20190423024810-112230192c58/go.mod h1:RxMgew5VJxzue5/jJTE5uejpjVlOe/izrB70Jof72aM=
golang.org/x/sync v0.0.0-20210220032951-036812b2e83c/go.mod h1:RxMgew5VJxzue5/jJTE5uejpjVlOe/izrB70Jof72aM=
golang.org/x/sys v0.0.0-20190215142949-d0b11bdaac8a/go.mod h1:STP8DvDyc/dI5b8T5hshtkjS+E42TnysNCUPdjciGhY=
golang.org/x/sys v0.0.0-20190412213103-97732733099d/go.mod h1:h1NjWce9XRLGQEsW7wpKNCjG9DtNlClVuFLEZdDNbEs=
golang.org/x/sys v0.0.0-20201119102817-f84b799fce68/go.mod h1:h1NjWce9XRLGQEsW7wpKNCjG9DtNlClVuFLEZdDNbEs=
golang.org/x/sys v0.0.0-20210330210617-4fbd30eecc44/go.mod h1:h1NjWce9XRLGQEsW7wpKNCjG9DtNlClVuFLEZdDNbEs=
golang.org/x/sys v0.0.0-20210510120138-977fb7262007/go.mod h1:oPkhp1MJrh7nUepCBck5+mAzfO9JrbApNNgaTdGDITg=
golang.org/x/term v0.0.0-20201126162022-7de9c90e9dd1/go.mod h1:bj7SfCRtBDWHUb9snDiAeCFNEtKQo2Wmx5Cou7ajbmo=
golang.org/x/text v0.3.0/go.mod h1:NqM8EUOU14njkJ3fqMW+pc6Ldnwhi/IjpwHt7yyuwOQ=
golang.org/x/text v0.3.3/go.mod h1:5Zoc/QRtKVWzQhOtBMvqHzDpF6irO9z98xDceosuGiQ=
golang.org/x/tools v0.0.0-20180917221912-90fa682c2a6e/go.mod h1:n7NCudcB/nEzxVGmLbDWY5pfWTLqBcC2KZ6jyYvM4mQ=
golang.org/x/tools v0.0.0-20191119224855-298f0cb1881e/go.mod h1:b+2E5dAYhXwXZwtnZ6UAqBI28+e2cm9otk0dWdXHAEo=
golang.org/x/tools v0.1.1/go.mod h1:o0xws9oXOQQZyjljx8fwUC0k7L1pTE6eaCbjGeHmOkk=
golang.org/x/xerrors v0.0.0-20190717185122-a985d3407aa7/go.mod h1:I/5z698sn9Ka8TeJc9MKroUUfqBBauWjQqLJ2OPfmY0=
golang.org/x/xerrors v0.0.0-20191011141410-1b5146add898/go.mod h1:I/5z698sn9Ka8TeJc9MKroUUfqBBauWjQqLJ2OPfmY0=
golang.org/x/xerrors v0.0.0-20200804184101-5ec99f83aff1/go.mod h1:I/5z698sn9Ka8TeJc9MKroUUfqBBauWjQqLJ2OPfmY0=
gopkg.in/check.v1 v0.0.0-20161208181325-20d25e280405 h1:yhCVgyC4o1eVCa2tZl7eS0r+SDo693bJlVdllGtEeKM=
gopkg.in/check.v1 v0.0.0-20161208181325-20d25e280405/go.mod h1:Co6ibVJAznAaIkqp8huTwlJQCZ016jof/cbN4VW5Yz0=
gopkg.in/yaml.v2 v2.2.2/go.mod h1:hI93XBmqTisBFMUTm0b8Fm+jr3Dg1NNxqwp+5A1VGuI=
gopkg.in/yaml.v3 v3.0.1 h1:fxVm/GzAzEWqLHuvctI91KS9hhNmmWOoWu0XTYJS7CA=
gopkg.in/yaml.v3 v3.0.1/go.mod h1:K4uyk7z7BCEPqu6E+C64Yfv1cQ7kz7rIZviUmN+EgEM=
